// !$*UTF8*$!
{
	archiveVersion = 1;
	classes = {
	};
	objectVersion = 55;
	objects = {

/* Begin PBXBuildFile section */
		187AAACD26EDD95F00ABDFAF /* View+Extension.swift in Sources */ = {isa = PBXBuildFile; fileRef = 187AAACC26EDD95F00ABDFAF /* View+Extension.swift */; };
		187AAACF26EDD99F00ABDFAF /* ViewDidLoadModifier.swift in Sources */ = {isa = PBXBuildFile; fileRef = 187AAACE26EDD99F00ABDFAF /* ViewDidLoadModifier.swift */; };
		187AAAD126EE3C1D00ABDFAF /* Files.swift in Sources */ = {isa = PBXBuildFile; fileRef = 187AAAD026EE3C1D00ABDFAF /* Files.swift */; };
		187AAAD426EE3E6900ABDFAF /* CoateViewModel.swift in Sources */ = {isa = PBXBuildFile; fileRef = 187AAAD326EE3E6900ABDFAF /* CoateViewModel.swift */; };
		18AEC12D26E66E340024B7CE /* CoateData.swift in Sources */ = {isa = PBXBuildFile; fileRef = 18AEC12C26E66E340024B7CE /* CoateData.swift */; };
		18AEC12F26E66FEA0024B7CE /* K.swift in Sources */ = {isa = PBXBuildFile; fileRef = 18AEC12E26E66FEA0024B7CE /* K.swift */; };
		18AEC13126E672260024B7CE /* CoateCell.swift in Sources */ = {isa = PBXBuildFile; fileRef = 18AEC13026E672260024B7CE /* CoateCell.swift */; };
		18AEC13426E67BF00024B7CE /* CoateView.swift in Sources */ = {isa = PBXBuildFile; fileRef = 18AEC13326E67BF00024B7CE /* CoateView.swift */; };
		18AEC13726E67E060024B7CE /* Api.swift in Sources */ = {isa = PBXBuildFile; fileRef = 18AEC13626E67E060024B7CE /* Api.swift */; };
		18D99F6B26CC09190012C3A1 /* OpenMedicineApp.swift in Sources */ = {isa = PBXBuildFile; fileRef = 18D99F6A26CC09190012C3A1 /* OpenMedicineApp.swift */; };
		18D99F6D26CC09190012C3A1 /* ContentView.swift in Sources */ = {isa = PBXBuildFile; fileRef = 18D99F6C26CC09190012C3A1 /* ContentView.swift */; };
		18D99F6F26CC091A0012C3A1 /* Assets.xcassets in Resources */ = {isa = PBXBuildFile; fileRef = 18D99F6E26CC091A0012C3A1 /* Assets.xcassets */; };
		18D99F7226CC091A0012C3A1 /* Preview Assets.xcassets in Resources */ = {isa = PBXBuildFile; fileRef = 18D99F7126CC091A0012C3A1 /* Preview Assets.xcassets */; };
		18DEF75626D3F7B000BA42F4 /* Images.xcassets in Resources */ = {isa = PBXBuildFile; fileRef = 18DEF75526D3F7AF00BA42F4 /* Images.xcassets */; };
		18DEF75A26D3F88400BA42F4 /* StartUpView.swift in Sources */ = {isa = PBXBuildFile; fileRef = 18DEF75926D3F88400BA42F4 /* StartUpView.swift */; };
		18DEF75C26D3F9B900BA42F4 /* Screen.swift in Sources */ = {isa = PBXBuildFile; fileRef = 18DEF75B26D3F9B900BA42F4 /* Screen.swift */; };
		18DEF75E26D3FF4900BA42F4 /* RegistrationView.swift in Sources */ = {isa = PBXBuildFile; fileRef = 18DEF75D26D3FF4900BA42F4 /* RegistrationView.swift */; };
		18DEF76026D4067D00BA42F4 /* Layout.swift in Sources */ = {isa = PBXBuildFile; fileRef = 18DEF75F26D4067D00BA42F4 /* Layout.swift */; };
		18DEF76326D415C500BA42F4 /* Binding+Extension.swift in Sources */ = {isa = PBXBuildFile; fileRef = 18DEF76226D415C500BA42F4 /* Binding+Extension.swift */; };
		18F81F8F26E401CF0095A671 /* TextFieldArrow.swift in Sources */ = {isa = PBXBuildFile; fileRef = 18F81F8E26E401CF0095A671 /* TextFieldArrow.swift */; };
/* End PBXBuildFile section */

/* Begin PBXFileReference section */
		187AAACC26EDD95F00ABDFAF /* View+Extension.swift */ = {isa = PBXFileReference; lastKnownFileType = sourcecode.swift; path = "View+Extension.swift"; sourceTree = "<group>"; };
		187AAACE26EDD99F00ABDFAF /* ViewDidLoadModifier.swift */ = {isa = PBXFileReference; lastKnownFileType = sourcecode.swift; path = ViewDidLoadModifier.swift; sourceTree = "<group>"; };
		187AAAD026EE3C1D00ABDFAF /* Files.swift */ = {isa = PBXFileReference; lastKnownFileType = sourcecode.swift; path = Files.swift; sourceTree = "<group>"; };
		187AAAD326EE3E6900ABDFAF /* CoateViewModel.swift */ = {isa = PBXFileReference; lastKnownFileType = sourcecode.swift; path = CoateViewModel.swift; sourceTree = "<group>"; };
		18AEC12C26E66E340024B7CE /* CoateData.swift */ = {isa = PBXFileReference; lastKnownFileType = sourcecode.swift; path = CoateData.swift; sourceTree = "<group>"; };
		18AEC12E26E66FEA0024B7CE /* K.swift */ = {isa = PBXFileReference; lastKnownFileType = sourcecode.swift; path = K.swift; sourceTree = "<group>"; };
		18AEC13026E672260024B7CE /* CoateCell.swift */ = {isa = PBXFileReference; lastKnownFileType = sourcecode.swift; path = CoateCell.swift; sourceTree = "<group>"; };
		18AEC13326E67BF00024B7CE /* CoateView.swift */ = {isa = PBXFileReference; lastKnownFileType = sourcecode.swift; path = CoateView.swift; sourceTree = "<group>"; };
		18AEC13626E67E060024B7CE /* Api.swift */ = {isa = PBXFileReference; lastKnownFileType = sourcecode.swift; path = Api.swift; sourceTree = "<group>"; };
		18D99F6726CC09190012C3A1 /* OpenMedicine.app */ = {isa = PBXFileReference; explicitFileType = wrapper.application; includeInIndex = 0; path = OpenMedicine.app; sourceTree = BUILT_PRODUCTS_DIR; };
		18D99F6A26CC09190012C3A1 /* OpenMedicineApp.swift */ = {isa = PBXFileReference; lastKnownFileType = sourcecode.swift; path = OpenMedicineApp.swift; sourceTree = "<group>"; };
		18D99F6C26CC09190012C3A1 /* ContentView.swift */ = {isa = PBXFileReference; lastKnownFileType = sourcecode.swift; path = ContentView.swift; sourceTree = "<group>"; };
		18D99F6E26CC091A0012C3A1 /* Assets.xcassets */ = {isa = PBXFileReference; lastKnownFileType = folder.assetcatalog; path = Assets.xcassets; sourceTree = "<group>"; };
		18D99F7126CC091A0012C3A1 /* Preview Assets.xcassets */ = {isa = PBXFileReference; lastKnownFileType = folder.assetcatalog; path = "Preview Assets.xcassets"; sourceTree = "<group>"; };
		18DEF75526D3F7AF00BA42F4 /* Images.xcassets */ = {isa = PBXFileReference; lastKnownFileType = folder.assetcatalog; path = Images.xcassets; sourceTree = "<group>"; };
		18DEF75926D3F88400BA42F4 /* StartUpView.swift */ = {isa = PBXFileReference; lastKnownFileType = sourcecode.swift; path = StartUpView.swift; sourceTree = "<group>"; };
		18DEF75B26D3F9B900BA42F4 /* Screen.swift */ = {isa = PBXFileReference; lastKnownFileType = sourcecode.swift; path = Screen.swift; sourceTree = "<group>"; };
		18DEF75D26D3FF4900BA42F4 /* RegistrationView.swift */ = {isa = PBXFileReference; lastKnownFileType = sourcecode.swift; path = RegistrationView.swift; sourceTree = "<group>"; };
		18DEF75F26D4067D00BA42F4 /* Layout.swift */ = {isa = PBXFileReference; lastKnownFileType = sourcecode.swift; path = Layout.swift; sourceTree = "<group>"; };
		18DEF76226D415C500BA42F4 /* Binding+Extension.swift */ = {isa = PBXFileReference; lastKnownFileType = sourcecode.swift; path = "Binding+Extension.swift"; sourceTree = "<group>"; };
		18F81F8E26E401CF0095A671 /* TextFieldArrow.swift */ = {isa = PBXFileReference; lastKnownFileType = sourcecode.swift; path = TextFieldArrow.swift; sourceTree = "<group>"; };
/* End PBXFileReference section */

/* Begin PBXFrameworksBuildPhase section */
		18D99F6426CC09190012C3A1 /* Frameworks */ = {
			isa = PBXFrameworksBuildPhase;
			buildActionMask = 2147483647;
			files = (
			);
			runOnlyForDeploymentPostprocessing = 0;
		};
/* End PBXFrameworksBuildPhase section */

/* Begin PBXGroup section */
		187AAAD226EE3E3B00ABDFAF /* ViewModel */ = {
			isa = PBXGroup;
			children = (
				187AAAD326EE3E6900ABDFAF /* CoateViewModel.swift */,
			);
			name = ViewModel;
			sourceTree = "<group>";
		};
		18AEC12B26E66E0E0024B7CE /* Model */ = {
			isa = PBXGroup;
			children = (
				18AEC12C26E66E340024B7CE /* CoateData.swift */,
			);
			name = Model;
			sourceTree = "<group>";
		};
		18AEC13226E67BAA0024B7CE /* Cell */ = {
			isa = PBXGroup;
			children = (
				18AEC13026E672260024B7CE /* CoateCell.swift */,
			);
			name = Cell;
			sourceTree = "<group>";
		};
		18AEC13526E67DF20024B7CE /* Helper */ = {
			isa = PBXGroup;
			children = (
				18AEC13626E67E060024B7CE /* Api.swift */,
				187AAAD026EE3C1D00ABDFAF /* Files.swift */,
			);
			name = Helper;
			sourceTree = "<group>";
		};
		18D99F5E26CC09190012C3A1 = {
			isa = PBXGroup;
			children = (
				18D99F6926CC09190012C3A1 /* OpenMedicine */,
				18D99F6826CC09190012C3A1 /* Products */,
			);
			sourceTree = "<group>";
		};
		18D99F6826CC09190012C3A1 /* Products */ = {
			isa = PBXGroup;
			children = (
				18D99F6726CC09190012C3A1 /* OpenMedicine.app */,
			);
			name = Products;
			sourceTree = "<group>";
		};
		18D99F6926CC09190012C3A1 /* OpenMedicine */ = {
			isa = PBXGroup;
			children = (
				18D99F6A26CC09190012C3A1 /* OpenMedicineApp.swift */,
				18D99F6C26CC09190012C3A1 /* ContentView.swift */,
				18DEF75826D3F80800BA42F4 /* src */,
				18DEF75726D3F7CE00BA42F4 /* assets */,
				18D99F7026CC091A0012C3A1 /* Preview Content */,
			);
			path = OpenMedicine;
			sourceTree = "<group>";
		};
		18D99F7026CC091A0012C3A1 /* Preview Content */ = {
			isa = PBXGroup;
			children = (
				18D99F7126CC091A0012C3A1 /* Preview Assets.xcassets */,
			);
			path = "Preview Content";
			sourceTree = "<group>";
		};
		18DEF75726D3F7CE00BA42F4 /* assets */ = {
			isa = PBXGroup;
			children = (
				18DEF75526D3F7AF00BA42F4 /* Images.xcassets */,
				18D99F6E26CC091A0012C3A1 /* Assets.xcassets */,
			);
			name = assets;
			sourceTree = "<group>";
		};
		18DEF75826D3F80800BA42F4 /* src */ = {
			isa = PBXGroup;
			children = (
				18AEC13526E67DF20024B7CE /* Helper */,
				18AEC13226E67BAA0024B7CE /* Cell */,
				18AEC12B26E66E0E0024B7CE /* Model */,
				187AAAD226EE3E3B00ABDFAF /* ViewModel */,
				18F81F8D26E401490095A671 /* Modifiers */,
				18DEF76126D4156E00BA42F4 /* Extentions */,
				18AEC13326E67BF00024B7CE /* CoateView.swift */,
				18DEF75D26D3FF4900BA42F4 /* RegistrationView.swift */,
				18DEF75926D3F88400BA42F4 /* StartUpView.swift */,
				18DEF75F26D4067D00BA42F4 /* Layout.swift */,
				18DEF75B26D3F9B900BA42F4 /* Screen.swift */,
				18AEC12E26E66FEA0024B7CE /* K.swift */,
			);
			path = src;
			sourceTree = "<group>";
		};
		18DEF76126D4156E00BA42F4 /* Extentions */ = {
			isa = PBXGroup;
			children = (
				18DEF76226D415C500BA42F4 /* Binding+Extension.swift */,
				187AAACC26EDD95F00ABDFAF /* View+Extension.swift */,
			);
			name = Extentions;
			sourceTree = "<group>";
		};
		18F81F8D26E401490095A671 /* Modifiers */ = {
			isa = PBXGroup;
			children = (
				18F81F8E26E401CF0095A671 /* TextFieldArrow.swift */,
				187AAACE26EDD99F00ABDFAF /* ViewDidLoadModifier.swift */,
			);
			name = Modifiers;
			sourceTree = "<group>";
		};
/* End PBXGroup section */

/* Begin PBXNativeTarget section */
		18D99F6626CC09190012C3A1 /* OpenMedicine */ = {
			isa = PBXNativeTarget;
			buildConfigurationList = 18D99F7526CC091A0012C3A1 /* Build configuration list for PBXNativeTarget "OpenMedicine" */;
			buildPhases = (
				18D99F6326CC09190012C3A1 /* Sources */,
				18D99F6426CC09190012C3A1 /* Frameworks */,
				18D99F6526CC09190012C3A1 /* Resources */,
			);
			buildRules = (
			);
			dependencies = (
			);
			name = OpenMedicine;
			productName = OpenMedicine;
			productReference = 18D99F6726CC09190012C3A1 /* OpenMedicine.app */;
			productType = "com.apple.product-type.application";
		};
/* End PBXNativeTarget section */

/* Begin PBXProject section */
		18D99F5F26CC09190012C3A1 /* Project object */ = {
			isa = PBXProject;
			attributes = {
				BuildIndependentTargetsInParallel = 1;
				LastSwiftUpdateCheck = 1300;
				LastUpgradeCheck = 1300;
				TargetAttributes = {
					18D99F6626CC09190012C3A1 = {
						CreatedOnToolsVersion = 13.0;
					};
				};
			};
			buildConfigurationList = 18D99F6226CC09190012C3A1 /* Build configuration list for PBXProject "OpenMedicine" */;
			compatibilityVersion = "Xcode 13.0";
			developmentRegion = en;
			hasScannedForEncodings = 0;
			knownRegions = (
				en,
				Base,
			);
			mainGroup = 18D99F5E26CC09190012C3A1;
			productRefGroup = 18D99F6826CC09190012C3A1 /* Products */;
			projectDirPath = "";
			projectRoot = "";
			targets = (
				18D99F6626CC09190012C3A1 /* OpenMedicine */,
			);
		};
/* End PBXProject section */

/* Begin PBXResourcesBuildPhase section */
		18D99F6526CC09190012C3A1 /* Resources */ = {
			isa = PBXResourcesBuildPhase;
			buildActionMask = 2147483647;
			files = (
				18DEF75626D3F7B000BA42F4 /* Images.xcassets in Resources */,
				18D99F7226CC091A0012C3A1 /* Preview Assets.xcassets in Resources */,
				18D99F6F26CC091A0012C3A1 /* Assets.xcassets in Resources */,
			);
			runOnlyForDeploymentPostprocessing = 0;
		};
/* End PBXResourcesBuildPhase section */

/* Begin PBXSourcesBuildPhase section */
		18D99F6326CC09190012C3A1 /* Sources */ = {
			isa = PBXSourcesBuildPhase;
			buildActionMask = 2147483647;
			files = (
				187AAACF26EDD99F00ABDFAF /* ViewDidLoadModifier.swift in Sources */,
				18D99F6D26CC09190012C3A1 /* ContentView.swift in Sources */,
				18AEC13126E672260024B7CE /* CoateCell.swift in Sources */,
				18AEC12F26E66FEA0024B7CE /* K.swift in Sources */,
				18DEF75A26D3F88400BA42F4 /* StartUpView.swift in Sources */,
				18D99F6B26CC09190012C3A1 /* OpenMedicineApp.swift in Sources */,
				18AEC13426E67BF00024B7CE /* CoateView.swift in Sources */,
				18AEC13726E67E060024B7CE /* Api.swift in Sources */,
				18DEF75C26D3F9B900BA42F4 /* Screen.swift in Sources */,
				187AAAD126EE3C1D00ABDFAF /* Files.swift in Sources */,
				18DEF75E26D3FF4900BA42F4 /* RegistrationView.swift in Sources */,
				18AEC12D26E66E340024B7CE /* CoateData.swift in Sources */,
				18DEF76026D4067D00BA42F4 /* Layout.swift in Sources */,
				18DEF76326D415C500BA42F4 /* Binding+Extension.swift in Sources */,
				187AAAD426EE3E6900ABDFAF /* CoateViewModel.swift in Sources */,
				187AAACD26EDD95F00ABDFAF /* View+Extension.swift in Sources */,
				18F81F8F26E401CF0095A671 /* TextFieldArrow.swift in Sources */,
			);
			runOnlyForDeploymentPostprocessing = 0;
		};
/* End PBXSourcesBuildPhase section */

/* Begin XCBuildConfiguration section */
		18D99F7326CC091A0012C3A1 /* Debug */ = {
			isa = XCBuildConfiguration;
			buildSettings = {
				ALWAYS_SEARCH_USER_PATHS = NO;
				CLANG_ANALYZER_NONNULL = YES;
				CLANG_ANALYZER_NUMBER_OBJECT_CONVERSION = YES_AGGRESSIVE;
				CLANG_CXX_LANGUAGE_STANDARD = "gnu++17";
				CLANG_CXX_LIBRARY = "libc++";
				CLANG_ENABLE_MODULES = YES;
				CLANG_ENABLE_OBJC_ARC = YES;
				CLANG_ENABLE_OBJC_WEAK = YES;
				CLANG_WARN_BLOCK_CAPTURE_AUTORELEASING = YES;
				CLANG_WARN_BOOL_CONVERSION = YES;
				CLANG_WARN_COMMA = YES;
				CLANG_WARN_CONSTANT_CONVERSION = YES;
				CLANG_WARN_DEPRECATED_OBJC_IMPLEMENTATIONS = YES;
				CLANG_WARN_DIRECT_OBJC_ISA_USAGE = YES_ERROR;
				CLANG_WARN_DOCUMENTATION_COMMENTS = YES;
				CLANG_WARN_EMPTY_BODY = YES;
				CLANG_WARN_ENUM_CONVERSION = YES;
				CLANG_WARN_INFINITE_RECURSION = YES;
				CLANG_WARN_INT_CONVERSION = YES;
				CLANG_WARN_NON_LITERAL_NULL_CONVERSION = YES;
				CLANG_WARN_OBJC_IMPLICIT_RETAIN_SELF = YES;
				CLANG_WARN_OBJC_LITERAL_CONVERSION = YES;
				CLANG_WARN_OBJC_ROOT_CLASS = YES_ERROR;
				CLANG_WARN_QUOTED_INCLUDE_IN_FRAMEWORK_HEADER = YES;
				CLANG_WARN_RANGE_LOOP_ANALYSIS = YES;
				CLANG_WARN_STRICT_PROTOTYPES = YES;
				CLANG_WARN_SUSPICIOUS_MOVE = YES;
				CLANG_WARN_UNGUARDED_AVAILABILITY = YES_AGGRESSIVE;
				CLANG_WARN_UNREACHABLE_CODE = YES;
				CLANG_WARN__DUPLICATE_METHOD_MATCH = YES;
				COPY_PHASE_STRIP = NO;
				DEBUG_INFORMATION_FORMAT = dwarf;
				ENABLE_STRICT_OBJC_MSGSEND = YES;
				ENABLE_TESTABILITY = YES;
				GCC_C_LANGUAGE_STANDARD = gnu11;
				GCC_DYNAMIC_NO_PIC = NO;
				GCC_NO_COMMON_BLOCKS = YES;
				GCC_OPTIMIZATION_LEVEL = 0;
				GCC_PREPROCESSOR_DEFINITIONS = (
					"DEBUG=1",
					"$(inherited)",
				);
				GCC_WARN_64_TO_32_BIT_CONVERSION = YES;
				GCC_WARN_ABOUT_RETURN_TYPE = YES_ERROR;
				GCC_WARN_UNDECLARED_SELECTOR = YES;
				GCC_WARN_UNINITIALIZED_AUTOS = YES_AGGRESSIVE;
				GCC_WARN_UNUSED_FUNCTION = YES;
				GCC_WARN_UNUSED_VARIABLE = YES;
				IPHONEOS_DEPLOYMENT_TARGET = 15.0;
				MTL_ENABLE_DEBUG_INFO = INCLUDE_SOURCE;
				MTL_FAST_MATH = YES;
				ONLY_ACTIVE_ARCH = YES;
				SDKROOT = iphoneos;
				SWIFT_ACTIVE_COMPILATION_CONDITIONS = DEBUG;
				SWIFT_OPTIMIZATION_LEVEL = "-Onone";
			};
			name = Debug;
		};
		18D99F7426CC091A0012C3A1 /* Release */ = {
			isa = XCBuildConfiguration;
			buildSettings = {
				ALWAYS_SEARCH_USER_PATHS = NO;
				CLANG_ANALYZER_NONNULL = YES;
				CLANG_ANALYZER_NUMBER_OBJECT_CONVERSION = YES_AGGRESSIVE;
				CLANG_CXX_LANGUAGE_STANDARD = "gnu++17";
				CLANG_CXX_LIBRARY = "libc++";
				CLANG_ENABLE_MODULES = YES;
				CLANG_ENABLE_OBJC_ARC = YES;
				CLANG_ENABLE_OBJC_WEAK = YES;
				CLANG_WARN_BLOCK_CAPTURE_AUTORELEASING = YES;
				CLANG_WARN_BOOL_CONVERSION = YES;
				CLANG_WARN_COMMA = YES;
				CLANG_WARN_CONSTANT_CONVERSION = YES;
				CLANG_WARN_DEPRECATED_OBJC_IMPLEMENTATIONS = YES;
				CLANG_WARN_DIRECT_OBJC_ISA_USAGE = YES_ERROR;
				CLANG_WARN_DOCUMENTATION_COMMENTS = YES;
				CLANG_WARN_EMPTY_BODY = YES;
				CLANG_WARN_ENUM_CONVERSION = YES;
				CLANG_WARN_INFINITE_RECURSION = YES;
				CLANG_WARN_INT_CONVERSION = YES;
				CLANG_WARN_NON_LITERAL_NULL_CONVERSION = YES;
				CLANG_WARN_OBJC_IMPLICIT_RETAIN_SELF = YES;
				CLANG_WARN_OBJC_LITERAL_CONVERSION = YES;
				CLANG_WARN_OBJC_ROOT_CLASS = YES_ERROR;
				CLANG_WARN_QUOTED_INCLUDE_IN_FRAMEWORK_HEADER = YES;
				CLANG_WARN_RANGE_LOOP_ANALYSIS = YES;
				CLANG_WARN_STRICT_PROTOTYPES = YES;
				CLANG_WARN_SUSPICIOUS_MOVE = YES;
				CLANG_WARN_UNGUARDED_AVAILABILITY = YES_AGGRESSIVE;
				CLANG_WARN_UNREACHABLE_CODE = YES;
				CLANG_WARN__DUPLICATE_METHOD_MATCH = YES;
				COPY_PHASE_STRIP = NO;
				DEBUG_INFORMATION_FORMAT = "dwarf-with-dsym";
				ENABLE_NS_ASSERTIONS = NO;
				ENABLE_STRICT_OBJC_MSGSEND = YES;
				GCC_C_LANGUAGE_STANDARD = gnu11;
				GCC_NO_COMMON_BLOCKS = YES;
				GCC_WARN_64_TO_32_BIT_CONVERSION = YES;
				GCC_WARN_ABOUT_RETURN_TYPE = YES_ERROR;
				GCC_WARN_UNDECLARED_SELECTOR = YES;
				GCC_WARN_UNINITIALIZED_AUTOS = YES_AGGRESSIVE;
				GCC_WARN_UNUSED_FUNCTION = YES;
				GCC_WARN_UNUSED_VARIABLE = YES;
				IPHONEOS_DEPLOYMENT_TARGET = 15.0;
				MTL_ENABLE_DEBUG_INFO = NO;
				MTL_FAST_MATH = YES;
				SDKROOT = iphoneos;
				SWIFT_COMPILATION_MODE = wholemodule;
				SWIFT_OPTIMIZATION_LEVEL = "-O";
				VALIDATE_PRODUCT = YES;
			};
			name = Release;
		};
		18D99F7626CC091A0012C3A1 /* Debug */ = {
			isa = XCBuildConfiguration;
			buildSettings = {
				ASSETCATALOG_COMPILER_APPICON_NAME = AppIcon;
				ASSETCATALOG_COMPILER_GLOBAL_ACCENT_COLOR_NAME = AccentColor;
				CODE_SIGN_STYLE = Automatic;
				CURRENT_PROJECT_VERSION = 1;
				DEVELOPMENT_ASSET_PATHS = "\"OpenMedicine/Preview Content\"";
				DEVELOPMENT_TEAM = 4Z3M234D9B;
				ENABLE_PREVIEWS = YES;
				GENERATE_INFOPLIST_FILE = YES;
				INFOPLIST_KEY_UIApplicationSceneManifest_Generation = YES;
				INFOPLIST_KEY_UIApplicationSupportsIndirectInputEvents = YES;
				INFOPLIST_KEY_UILaunchScreen_Generation = YES;
				INFOPLIST_KEY_UISupportedInterfaceOrientations_iPad = "UIInterfaceOrientationPortrait UIInterfaceOrientationPortraitUpsideDown UIInterfaceOrientationLandscapeLeft UIInterfaceOrientationLandscapeRight";
				INFOPLIST_KEY_UISupportedInterfaceOrientations_iPhone = "UIInterfaceOrientationPortrait UIInterfaceOrientationLandscapeLeft UIInterfaceOrientationLandscapeRight";
				IPHONEOS_DEPLOYMENT_TARGET = 14.0;
				LD_RUNPATH_SEARCH_PATHS = (
					"$(inherited)",
					"@executable_path/Frameworks",
				);
				MARKETING_VERSION = 1.0;
				PRODUCT_BUNDLE_IDENTIFIER = com.nurlan.OpenMedicine;
				PRODUCT_NAME = "$(TARGET_NAME)";
				SWIFT_EMIT_LOC_STRINGS = YES;
				SWIFT_VERSION = 5.0;
				TARGETED_DEVICE_FAMILY = "1,2";
			};
			name = Debug;
		};
		18D99F7726CC091A0012C3A1 /* Release */ = {
			isa = XCBuildConfiguration;
			buildSettings = {
				ASSETCATALOG_COMPILER_APPICON_NAME = AppIcon;
				ASSETCATALOG_COMPILER_GLOBAL_ACCENT_COLOR_NAME = AccentColor;
				CODE_SIGN_STYLE = Automatic;
				CURRENT_PROJECT_VERSION = 1;
				DEVELOPMENT_ASSET_PATHS = "\"OpenMedicine/Preview Content\"";
				DEVELOPMENT_TEAM = 4Z3M234D9B;
				ENABLE_PREVIEWS = YES;
				GENERATE_INFOPLIST_FILE = YES;
				INFOPLIST_KEY_UIApplicationSceneManifest_Generation = YES;
				INFOPLIST_KEY_UIApplicationSupportsIndirectInputEvents = YES;
				INFOPLIST_KEY_UILaunchScreen_Generation = YES;
				INFOPLIST_KEY_UISupportedInterfaceOrientations_iPad = "UIInterfaceOrientationPortrait UIInterfaceOrientationPortraitUpsideDown UIInterfaceOrientationLandscapeLeft UIInterfaceOrientationLandscapeRight";
				INFOPLIST_KEY_UISupportedInterfaceOrientations_iPhone = "UIInterfaceOrientationPortrait UIInterfaceOrientationLandscapeLeft UIInterfaceOrientationLandscapeRight";
				IPHONEOS_DEPLOYMENT_TARGET = 14.0;
				LD_RUNPATH_SEARCH_PATHS = (
					"$(inherited)",
					"@executable_path/Frameworks",
				);
				MARKETING_VERSION = 1.0;
				PRODUCT_BUNDLE_IDENTIFIER = com.nurlan.OpenMedicine;
				PRODUCT_NAME = "$(TARGET_NAME)";
				SWIFT_EMIT_LOC_STRINGS = YES;
				SWIFT_VERSION = 5.0;
				TARGETED_DEVICE_FAMILY = "1,2";
			};
			name = Release;
		};
/* End XCBuildConfiguration section */

/* Begin XCConfigurationList section */
		18D99F6226CC09190012C3A1 /* Build configuration list for PBXProject "OpenMedicine" */ = {
			isa = XCConfigurationList;
			buildConfigurations = (
				18D99F7326CC091A0012C3A1 /* Debug */,
				18D99F7426CC091A0012C3A1 /* Release */,
			);
			defaultConfigurationIsVisible = 0;
			defaultConfigurationName = Release;
		};
		18D99F7526CC091A0012C3A1 /* Build configuration list for PBXNativeTarget "OpenMedicine" */ = {
			isa = XCConfigurationList;
			buildConfigurations = (
				18D99F7626CC091A0012C3A1 /* Debug */,
				18D99F7726CC091A0012C3A1 /* Release */,
			);
			defaultConfigurationIsVisible = 0;
			defaultConfigurationName = Release;
		};
/* End XCConfigurationList section */
	};
	rootObject = 18D99F5F26CC09190012C3A1 /* Project object */;
}
